Microsoft Visual Studio Solution File, Format Version 11.00
# Visual Studio 2008

Project("{687267E6-DC63-D487-A492-B89B3B96DC42}") = "327MainCorse", "Assembly-CSharp.csproj", "{F2407258-FFCD-C569-1F28-956647BA34CC}"
EndProject
Project("{687267E6-DC63-D487-A492-B89B3B96DC42}") = "327MainCorse", "Assembly-CSharp-Editor.csproj", "{AE6E9AD1-7896-862F-C185-3B2EEF1186E3}"
EndProject
Global
	GlobalSection(SolutionConfigurationPlatforms) = preSolution
		Debug|Any CPU = Debug|Any CPU
		Release|Any CPU = Release|Any CPU
	EndGlobalSection
	GlobalSection(ProjectConfigurationPlatforms) = postSolution
		{F2407258-FFCD-C569-1F28-956647BA34CC}.Debug|Any CPU.ActiveCfg = Debug|Any CPU
		{F2407258-FFCD-C569-1F28-956647BA34CC}.Debug|Any CPU.Build.0 = Debug|Any CPU
		{F2407258-FFCD-C569-1F28-956647BA34CC}.Release|Any CPU.ActiveCfg = Release|Any CPU
		{F2407258-FFCD-C569-1F28-956647BA34CC}.Release|Any CPU.Build.0 = Release|Any CPU
		{AE6E9AD1-7896-862F-C185-3B2EEF1186E3}.Debug|Any CPU.ActiveCfg = Debug|Any CPU
		{AE6E9AD1-7896-862F-C185-3B2EEF1186E3}.Debug|Any CPU.Build.0 = Debug|Any CPU
		{AE6E9AD1-7896-862F-C185-3B2EEF1186E3}.Release|Any CPU.ActiveCfg = Release|Any CPU
		{AE6E9AD1-7896-862F-C185-3B2EEF1186E3}.Release|Any CPU.Build.0 = Release|Any CPU
	EndGlobalSection
	GlobalSection(SolutionProperties) = preSolution
		HideSolutionNode = FALSE
	EndGlobalSection
	GlobalSection(MonoDevelopProperties) = preSolution
		StartupItem = Assembly-CSharp.csproj
	EndGlobalSection
EndGlobal
