
Microsoft Visual Studio Solution File, Format Version 12.00
# Visual Studio 2015
Project("{FAE04EC0-301F-11D3-BF4B-00C04F79EFBC}") = "327MainCorse.CSharp", "327MainCorse.CSharp.csproj", "{2CDA39D8-F065-50B2-F0C3-DC6C11D92C0F}"
EndProject
Project("{FAE04EC0-301F-11D3-BF4B-00C04F79EFBC}") = "327MainCorse.CSharp.Editor", "327MainCorse.CSharp.Editor.csproj", "{AEDD14A1-E666-7EBB-9975-2AF8F18B55F0}"
EndProject
Global
	GlobalSection(SolutionConfigurationPlatforms) = preSolution
		Debug|Any CPU = Debug|Any CPU
		Release|Any CPU = Release|Any CPU
	EndGlobalSection
	GlobalSection(ProjectConfigurationPlatforms) = postSolution
		{2CDA39D8-F065-50B2-F0C3-DC6C11D92C0F}.Debug|Any CPU.ActiveCfg = Debug|Any CPU
		{2CDA39D8-F065-50B2-F0C3-DC6C11D92C0F}.Debug|Any CPU.Build.0 = Debug|Any CPU
		{2CDA39D8-F065-50B2-F0C3-DC6C11D92C0F}.Release|Any CPU.ActiveCfg = Release|Any CPU
		{2CDA39D8-F065-50B2-F0C3-DC6C11D92C0F}.Release|Any CPU.Build.0 = Release|Any CPU
		{AEDD14A1-E666-7EBB-9975-2AF8F18B55F0}.Debug|Any CPU.ActiveCfg = Debug|Any CPU
		{AEDD14A1-E666-7EBB-9975-2AF8F18B55F0}.Debug|Any CPU.Build.0 = Debug|Any CPU
		{AEDD14A1-E666-7EBB-9975-2AF8F18B55F0}.Release|Any CPU.ActiveCfg = Release|Any CPU
		{AEDD14A1-E666-7EBB-9975-2AF8F18B55F0}.Release|Any CPU.Build.0 = Release|Any CPU
	EndGlobalSection
	GlobalSection(SolutionProperties) = preSolution
		HideSolutionNode = FALSE
	EndGlobalSection
EndGlobal
